
Microsoft Visual Studio Solution File, Format Version 12.00
# Visual Studio Version 17
VisualStudioVersion = 17.8.34316.72
MinimumVisualStudioVersion = 10.0.40219.1
Project("{FAE04EC0-301F-11D3-BF4B-00C04F79EFBC}") = "VectorWorkings", "VectorWorkings.csproj", "{9153BDF7-70CC-4D67-B5CB-07402DE816B7}"
EndProject
Global
	GlobalSection(SolutionConfigurationPlatforms) = preSolution
		Debug|Any CPU = Debug|Any CPU
		Release|Any CPU = Release|Any CPU
	EndGlobalSection
	GlobalSection(ProjectConfigurationPlatforms) = postSolution
		{9153BDF7-70CC-4D67-B5CB-07402DE816B7}.Debug|Any CPU.ActiveCfg = Debug|Any CPU
		{9153BDF7-70CC-4D67-B5CB-07402DE816B7}.Debug|Any CPU.Build.0 = Debug|Any CPU
		{9153BDF7-70CC-4D67-B5CB-07402DE816B7}.Release|Any CPU.ActiveCfg = Release|Any CPU
		{9153BDF7-70CC-4D67-B5CB-07402DE816B7}.Release|Any CPU.Build.0 = Release|Any CPU
	EndGlobalSection
	GlobalSection(SolutionProperties) = preSolution
		HideSolutionNode = FALSE
	EndGlobalSection
	GlobalSection(ExtensibilityGlobals) = postSolution
		SolutionGuid = {A2E012D8-1AE9-41EE-A448-CD1FB30919CF}
	EndGlobalSection
EndGlobal
